
Microsoft Visual Studio Solution File, Format Version 12.00
# Visual Studio Version 17
VisualStudioVersion = 17.1.32414.318
MinimumVisualStudioVersion = 10.0.40219.1
Project("{FAE04EC0-301F-11D3-BF4B-00C04F79EFBC}") = "Grupp2", "Grupp2\Grupp2.csproj", "{5415ABD2-6B08-4BB6-9576-CDC5C1722CB7}"
EndProject
Global
	GlobalSection(SolutionConfigurationPlatforms) = preSolution
		Debug|Any CPU = Debug|Any CPU
		Release|Any CPU = Release|Any CPU
	EndGlobalSection
	GlobalSection(ProjectConfigurationPlatforms) = postSolution
		{5415ABD2-6B08-4BB6-9576-CDC5C1722CB7}.Debug|Any CPU.ActiveCfg = Debug|Any CPU
		{5415ABD2-6B08-4BB6-9576-CDC5C1722CB7}.Debug|Any CPU.Build.0 = Debug|Any CPU
		{5415ABD2-6B08-4BB6-9576-CDC5C1722CB7}.Release|Any CPU.ActiveCfg = Release|Any CPU
		{5415ABD2-6B08-4BB6-9576-CDC5C1722CB7}.Release|Any CPU.Build.0 = Release|Any CPU
	EndGlobalSection
	GlobalSection(SolutionProperties) = preSolution
		HideSolutionNode = FALSE
	EndGlobalSection
	GlobalSection(ExtensibilityGlobals) = postSolution
		SolutionGuid = {A8FD6418-3EC0-4198-B443-D87FD2FD1630}
	EndGlobalSection
EndGlobal
